
Microsoft Visual Studio Solution File, Format Version 12.00
# Visual Studio Version 16
VisualStudioVersion = 16.0.31515.178
MinimumVisualStudioVersion = 10.0.40219.1
Project("{FAE04EC0-301F-11D3-BF4B-00C04F79EFBC}") = "Mp3 Player", "Mp3 Player\Mp3 Player.csproj", "{B92BD89F-9D7F-412D-84F6-07739C507408}"
EndProject
Global
	GlobalSection(SolutionConfigurationPlatforms) = preSolution
		Debug|Any CPU = Debug|Any CPU
		Release|Any CPU = Release|Any CPU
	EndGlobalSection
	GlobalSection(ProjectConfigurationPlatforms) = postSolution
		{B92BD89F-9D7F-412D-84F6-07739C507408}.Debug|Any CPU.ActiveCfg = Debug|Any CPU
		{B92BD89F-9D7F-412D-84F6-07739C507408}.Debug|Any CPU.Build.0 = Debug|Any CPU
		{B92BD89F-9D7F-412D-84F6-07739C507408}.Release|Any CPU.ActiveCfg = Release|Any CPU
		{B92BD89F-9D7F-412D-84F6-07739C507408}.Release|Any CPU.Build.0 = Release|Any CPU
	EndGlobalSection
	GlobalSection(SolutionProperties) = preSolution
		HideSolutionNode = FALSE
	EndGlobalSection
	GlobalSection(ExtensibilityGlobals) = postSolution
		SolutionGuid = {8FE95271-245C-4973-AC5C-26E245ECFD03}
	EndGlobalSection
EndGlobal
